
Microsoft Visual Studio Solution File, Format Version 12.00
# Visual Studio Version 17
VisualStudioVersion = 17.7.34024.191
MinimumVisualStudioVersion = 10.0.40219.1
Project("{2150E333-8FDC-42A3-9474-1A3956D46DE8}") = "Cap 03", "Cap 03", "{9B2C9B8E-106E-4D45-BFD8-9CFD4B901995}"
EndProject
Project("{FAE04EC0-301F-11D3-BF4B-00C04F79EFBC}") = "Lottie", "Lottie\Lottie.csproj", "{A0136340-6565-4B60-9C6F-255F2BD51AC8}"
EndProject
Project("{2150E333-8FDC-42A3-9474-1A3956D46DE8}") = "Cap 04", "Cap 04", "{7773BCFE-FB77-458D-B6B9-0F47C6331A55}"
EndProject
Project("{FAE04EC0-301F-11D3-BF4B-00C04F79EFBC}") = "Borda", "Borda\Borda.csproj", "{88733ADB-EEB5-4373-BA6D-F10FF3E15703}"
EndProject
Project("{2150E333-8FDC-42A3-9474-1A3956D46DE8}") = "Cap 05", "Cap 05", "{962834AB-1ACE-416D-87E9-041B4292E8D0}"
EndProject
Project("{9A19103F-16F7-4668-BE54-9A1E7A4F7556}") = "ListaHorizontal", "ListaHorizontal\ListaHorizontal.csproj", "{A074C47B-7C9C-4E1D-969C-A6F4870031D4}"
EndProject
Project("{2150E333-8FDC-42A3-9474-1A3956D46DE8}") = "Cap 06", "Cap 06", "{0866328D-7E4C-434A-AC6A-AA89E16518CF}"
EndProject
Project("{FAE04EC0-301F-11D3-BF4B-00C04F79EFBC}") = "EfeitoTransparente", "EfeitoTransparente\EfeitoTransparente.csproj", "{9BA0DC5C-4704-46FB-B43C-45702FC5333D}"
EndProject
Project("{2150E333-8FDC-42A3-9474-1A3956D46DE8}") = "Cap 07", "Cap 07", "{FDE82DD4-91C5-473E-A49D-2406334350FE}"
EndProject
Project("{FAE04EC0-301F-11D3-BF4B-00C04F79EFBC}") = "Componetizacao", "Componetizacao\Componetizacao.csproj", "{FA37C364-317F-4078-85A3-3D3A126FA2C8}"
EndProject
Project("{2150E333-8FDC-42A3-9474-1A3956D46DE8}") = "Cap 08", "Cap 08", "{C385942C-65BB-4685-81A7-8A4D22EBC8C1}"
EndProject
Project("{FAE04EC0-301F-11D3-BF4B-00C04F79EFBC}") = "AbaCustomizada", "AbaCustomizada\AbaCustomizada.csproj", "{A76AEFD5-5575-4450-B1BA-5F2208CC7E2D}"
EndProject
Project("{2150E333-8FDC-42A3-9474-1A3956D46DE8}") = "Cap 09", "Cap 09", "{FBA89B76-A80D-4ECA-A2E0-BCA1FB8B7ACA}"
EndProject
Project("{FAE04EC0-301F-11D3-BF4B-00C04F79EFBC}") = "Templates", "Templates\Templates.csproj", "{E4A0EB8E-94B8-4AD2-9CAF-03B2FFF4D510}"
EndProject
Global
	GlobalSection(SolutionConfigurationPlatforms) = preSolution
		Debug|Any CPU = Debug|Any CPU
		Release|Any CPU = Release|Any CPU
	EndGlobalSection
	GlobalSection(ProjectConfigurationPlatforms) = postSolution
		{A0136340-6565-4B60-9C6F-255F2BD51AC8}.Debug|Any CPU.ActiveCfg = Debug|Any CPU
		{A0136340-6565-4B60-9C6F-255F2BD51AC8}.Debug|Any CPU.Build.0 = Debug|Any CPU
		{A0136340-6565-4B60-9C6F-255F2BD51AC8}.Debug|Any CPU.Deploy.0 = Debug|Any CPU
		{A0136340-6565-4B60-9C6F-255F2BD51AC8}.Release|Any CPU.ActiveCfg = Release|Any CPU
		{A0136340-6565-4B60-9C6F-255F2BD51AC8}.Release|Any CPU.Build.0 = Release|Any CPU
		{A0136340-6565-4B60-9C6F-255F2BD51AC8}.Release|Any CPU.Deploy.0 = Release|Any CPU
		{88733ADB-EEB5-4373-BA6D-F10FF3E15703}.Debug|Any CPU.ActiveCfg = Debug|Any CPU
		{88733ADB-EEB5-4373-BA6D-F10FF3E15703}.Debug|Any CPU.Build.0 = Debug|Any CPU
		{88733ADB-EEB5-4373-BA6D-F10FF3E15703}.Debug|Any CPU.Deploy.0 = Debug|Any CPU
		{88733ADB-EEB5-4373-BA6D-F10FF3E15703}.Release|Any CPU.ActiveCfg = Release|Any CPU
		{88733ADB-EEB5-4373-BA6D-F10FF3E15703}.Release|Any CPU.Build.0 = Release|Any CPU
		{88733ADB-EEB5-4373-BA6D-F10FF3E15703}.Release|Any CPU.Deploy.0 = Release|Any CPU
		{A074C47B-7C9C-4E1D-969C-A6F4870031D4}.Debug|Any CPU.ActiveCfg = Debug|Any CPU
		{A074C47B-7C9C-4E1D-969C-A6F4870031D4}.Debug|Any CPU.Build.0 = Debug|Any CPU
		{A074C47B-7C9C-4E1D-969C-A6F4870031D4}.Debug|Any CPU.Deploy.0 = Debug|Any CPU
		{A074C47B-7C9C-4E1D-969C-A6F4870031D4}.Release|Any CPU.ActiveCfg = Release|Any CPU
		{A074C47B-7C9C-4E1D-969C-A6F4870031D4}.Release|Any CPU.Build.0 = Release|Any CPU
		{A074C47B-7C9C-4E1D-969C-A6F4870031D4}.Release|Any CPU.Deploy.0 = Release|Any CPU
		{9BA0DC5C-4704-46FB-B43C-45702FC5333D}.Debug|Any CPU.ActiveCfg = Debug|Any CPU
		{9BA0DC5C-4704-46FB-B43C-45702FC5333D}.Debug|Any CPU.Build.0 = Debug|Any CPU
		{9BA0DC5C-4704-46FB-B43C-45702FC5333D}.Debug|Any CPU.Deploy.0 = Debug|Any CPU
		{9BA0DC5C-4704-46FB-B43C-45702FC5333D}.Release|Any CPU.ActiveCfg = Release|Any CPU
		{9BA0DC5C-4704-46FB-B43C-45702FC5333D}.Release|Any CPU.Build.0 = Release|Any CPU
		{9BA0DC5C-4704-46FB-B43C-45702FC5333D}.Release|Any CPU.Deploy.0 = Release|Any CPU
		{FA37C364-317F-4078-85A3-3D3A126FA2C8}.Debug|Any CPU.ActiveCfg = Debug|Any CPU
		{FA37C364-317F-4078-85A3-3D3A126FA2C8}.Debug|Any CPU.Build.0 = Debug|Any CPU
		{FA37C364-317F-4078-85A3-3D3A126FA2C8}.Debug|Any CPU.Deploy.0 = Debug|Any CPU
		{FA37C364-317F-4078-85A3-3D3A126FA2C8}.Release|Any CPU.ActiveCfg = Release|Any CPU
		{FA37C364-317F-4078-85A3-3D3A126FA2C8}.Release|Any CPU.Build.0 = Release|Any CPU
		{FA37C364-317F-4078-85A3-3D3A126FA2C8}.Release|Any CPU.Deploy.0 = Release|Any CPU
		{A76AEFD5-5575-4450-B1BA-5F2208CC7E2D}.Debug|Any CPU.ActiveCfg = Debug|Any CPU
		{A76AEFD5-5575-4450-B1BA-5F2208CC7E2D}.Debug|Any CPU.Build.0 = Debug|Any CPU
		{A76AEFD5-5575-4450-B1BA-5F2208CC7E2D}.Debug|Any CPU.Deploy.0 = Debug|Any CPU
		{A76AEFD5-5575-4450-B1BA-5F2208CC7E2D}.Release|Any CPU.ActiveCfg = Release|Any CPU
		{A76AEFD5-5575-4450-B1BA-5F2208CC7E2D}.Release|Any CPU.Build.0 = Release|Any CPU
		{A76AEFD5-5575-4450-B1BA-5F2208CC7E2D}.Release|Any CPU.Deploy.0 = Release|Any CPU
		{E4A0EB8E-94B8-4AD2-9CAF-03B2FFF4D510}.Debug|Any CPU.ActiveCfg = Debug|Any CPU
		{E4A0EB8E-94B8-4AD2-9CAF-03B2FFF4D510}.Debug|Any CPU.Build.0 = Debug|Any CPU
		{E4A0EB8E-94B8-4AD2-9CAF-03B2FFF4D510}.Debug|Any CPU.Deploy.0 = Debug|Any CPU
		{E4A0EB8E-94B8-4AD2-9CAF-03B2FFF4D510}.Release|Any CPU.ActiveCfg = Release|Any CPU
		{E4A0EB8E-94B8-4AD2-9CAF-03B2FFF4D510}.Release|Any CPU.Build.0 = Release|Any CPU
		{E4A0EB8E-94B8-4AD2-9CAF-03B2FFF4D510}.Release|Any CPU.Deploy.0 = Release|Any CPU
	EndGlobalSection
	GlobalSection(SolutionProperties) = preSolution
		HideSolutionNode = FALSE
	EndGlobalSection
	GlobalSection(NestedProjects) = preSolution
		{A0136340-6565-4B60-9C6F-255F2BD51AC8} = {9B2C9B8E-106E-4D45-BFD8-9CFD4B901995}
		{88733ADB-EEB5-4373-BA6D-F10FF3E15703} = {7773BCFE-FB77-458D-B6B9-0F47C6331A55}
		{A074C47B-7C9C-4E1D-969C-A6F4870031D4} = {962834AB-1ACE-416D-87E9-041B4292E8D0}
		{9BA0DC5C-4704-46FB-B43C-45702FC5333D} = {0866328D-7E4C-434A-AC6A-AA89E16518CF}
		{FA37C364-317F-4078-85A3-3D3A126FA2C8} = {FDE82DD4-91C5-473E-A49D-2406334350FE}
		{A76AEFD5-5575-4450-B1BA-5F2208CC7E2D} = {C385942C-65BB-4685-81A7-8A4D22EBC8C1}
		{E4A0EB8E-94B8-4AD2-9CAF-03B2FFF4D510} = {FBA89B76-A80D-4ECA-A2E0-BCA1FB8B7ACA}
	EndGlobalSection
	GlobalSection(ExtensibilityGlobals) = postSolution
		SolutionGuid = {38D8B94D-7B5D-4F24-A396-C1FBB70493F7}
	EndGlobalSection
EndGlobal
